
Microsoft Visual Studio Solution File, Format Version 12.00
# Visual Studio Version 16
VisualStudioVersion = 16.0.29326.143
MinimumVisualStudioVersion = 10.0.40219.1
Project("{FAE04EC0-301F-11D3-BF4B-00C04F79EFBC}") = "CoravelTest", "CoravelTest\CoravelTest.csproj", "{73CFBA25-0B89-47AF-B833-49D121691AC1}"
EndProject
Global
	GlobalSection(SolutionConfigurationPlatforms) = preSolution
		Debug|Any CPU = Debug|Any CPU
		Release|Any CPU = Release|Any CPU
	EndGlobalSection
	GlobalSection(ProjectConfigurationPlatforms) = postSolution
		{73CFBA25-0B89-47AF-B833-49D121691AC1}.Debug|Any CPU.ActiveCfg = Debug|Any CPU
		{73CFBA25-0B89-47AF-B833-49D121691AC1}.Debug|Any CPU.Build.0 = Debug|Any CPU
		{73CFBA25-0B89-47AF-B833-49D121691AC1}.Release|Any CPU.ActiveCfg = Release|Any CPU
		{73CFBA25-0B89-47AF-B833-49D121691AC1}.Release|Any CPU.Build.0 = Release|Any CPU
	EndGlobalSection
	GlobalSection(SolutionProperties) = preSolution
		HideSolutionNode = FALSE
	EndGlobalSection
	GlobalSection(ExtensibilityGlobals) = postSolution
		SolutionGuid = {9F4BC78A-2552-4C14-AD15-369AC275B544}
	EndGlobalSection
EndGlobal
